// !$*UTF8*$!
{
	archiveVersion = 1;
	classes = {
	};
	objectVersion = 46;
	objects = {

/* Begin PBXBuildFile section */
		FA498283197D83B90015D9E2 /* AppDelegate.swift in Sources */ = {isa = PBXBuildFile; fileRef = FA498282197D83B90015D9E2 /* AppDelegate.swift */; };
		FA498286197D83B90015D9E2 /* swift_app.xcdatamodeld in Sources */ = {isa = PBXBuildFile; fileRef = FA498284197D83B90015D9E2 /* swift_app.xcdatamodeld */; };
		FA49828B197D83B90015D9E2 /* Main.storyboard in Resources */ = {isa = PBXBuildFile; fileRef = FA498289197D83B90015D9E2 /* Main.storyboard */; };
		FA49828D197D83B90015D9E2 /* Images.xcassets in Resources */ = {isa = PBXBuildFile; fileRef = FA49828C197D83B90015D9E2 /* Images.xcassets */; };
		FA498299197D83B90015D9E2 /* FibonacciTests.swift in Sources */ = {isa = PBXBuildFile; fileRef = FA498298197D83B90015D9E2 /* FibonacciTests.swift */; };
		FA651B181983F4560043814D /* Stack.swift in Sources */ = {isa = PBXBuildFile; fileRef = FA651B171983F4560043814D /* Stack.swift */; };
		FA651B1A1983F78A0043814D /* Random.swift in Sources */ = {isa = PBXBuildFile; fileRef = FA651B191983F78A0043814D /* Random.swift */; };
		FA651B1B198402830043814D /* Random.swift in Sources */ = {isa = PBXBuildFile; fileRef = FA651B191983F78A0043814D /* Random.swift */; };
		FA651B1D1984040A0043814D /* TableViewController.swift in Sources */ = {isa = PBXBuildFile; fileRef = FA651B1C1984040A0043814D /* TableViewController.swift */; };
		FA97A496198431BF007A2D41 /* StackTests.swift in Sources */ = {isa = PBXBuildFile; fileRef = FA97A495198431BF007A2D41 /* StackTests.swift */; };
		FA97A497198431FD007A2D41 /* Stack.swift in Sources */ = {isa = PBXBuildFile; fileRef = FA651B171983F4560043814D /* Stack.swift */; };
		FA97A4991984363B007A2D41 /* RandomTests.swift in Sources */ = {isa = PBXBuildFile; fileRef = FA97A4981984363B007A2D41 /* RandomTests.swift */; };
		FAAD79CA1983A6AE0069316C /* SumTests.swift in Sources */ = {isa = PBXBuildFile; fileRef = FAAD79C91983A6AE0069316C /* SumTests.swift */; };
		FAB2FED619838FA00032415C /* Algorithm.swift in Sources */ = {isa = PBXBuildFile; fileRef = FAB2FED519838FA00032415C /* Algorithm.swift */; };
		FAB2FED719838FA00032415C /* Algorithm.swift in Sources */ = {isa = PBXBuildFile; fileRef = FAB2FED519838FA00032415C /* Algorithm.swift */; };
/* End PBXBuildFile section */

/* Begin PBXContainerItemProxy section */
		FA498293197D83B90015D9E2 /* PBXContainerItemProxy */ = {
			isa = PBXContainerItemProxy;
			containerPortal = FA498275197D83B90015D9E2 /* Project object */;
			proxyType = 1;
			remoteGlobalIDString = FA49827C197D83B90015D9E2;
			remoteInfo = "swift-app";
		};
/* End PBXContainerItemProxy section */

/* Begin PBXFileReference section */
		FA49827D197D83B90015D9E2 /* swift-app.app */ = {isa = PBXFileReference; explicitFileType = wrapper.application; includeInIndex = 0; path = "swift-app.app"; sourceTree = BUILT_PRODUCTS_DIR; };
		FA498281197D83B90015D9E2 /* Info.plist */ = {isa = PBXFileReference; lastKnownFileType = text.plist.xml; path = Info.plist; sourceTree = "<group>"; };
		FA498282197D83B90015D9E2 /* AppDelegate.swift */ = {isa = PBXFileReference; lastKnownFileType = sourcecode.swift; path = AppDelegate.swift; sourceTree = "<group>"; };
		FA498285197D83B90015D9E2 /* swift_app.xcdatamodel */ = {isa = PBXFileReference; lastKnownFileType = wrapper.xcdatamodel; path = swift_app.xcdatamodel; sourceTree = "<group>"; };
		FA49828A197D83B90015D9E2 /* Base */ = {isa = PBXFileReference; lastKnownFileType = file.storyboard; name = Base; path = Base.lproj/Main.storyboard; sourceTree = "<group>"; };
		FA49828C197D83B90015D9E2 /* Images.xcassets */ = {isa = PBXFileReference; lastKnownFileType = folder.assetcatalog; path = Images.xcassets; sourceTree = "<group>"; };
		FA498292197D83B90015D9E2 /* swift-appTests.xctest */ = {isa = PBXFileReference; explicitFileType = wrapper.cfbundle; includeInIndex = 0; path = "swift-appTests.xctest"; sourceTree = BUILT_PRODUCTS_DIR; };
		FA498297197D83B90015D9E2 /* Info.plist */ = {isa = PBXFileReference; lastKnownFileType = text.plist.xml; path = Info.plist; sourceTree = "<group>"; };
		FA498298197D83B90015D9E2 /* FibonacciTests.swift */ = {isa = PBXFileReference; lastKnownFileType = sourcecode.swift; path = FibonacciTests.swift; sourceTree = "<group>"; };
		FA651B171983F4560043814D /* Stack.swift */ = {isa = PBXFileReference; fileEncoding = 4; lastKnownFileType = sourcecode.swift; path = Stack.swift; sourceTree = "<group>"; };
		FA651B191983F78A0043814D /* Random.swift */ = {isa = PBXFileReference; fileEncoding = 4; lastKnownFileType = sourcecode.swift; path = Random.swift; sourceTree = "<group>"; };
		FA651B1C1984040A0043814D /* TableViewController.swift */ = {isa = PBXFileReference; fileEncoding = 4; lastKnownFileType = sourcecode.swift; path = TableViewController.swift; sourceTree = "<group>"; };
		FA92C19019838DC500FBD59F /* swift_app.playground */ = {isa = PBXFileReference; lastKnownFileType = file.playground; path = swift_app.playground; sourceTree = "<group>"; };
		FA97A495198431BF007A2D41 /* StackTests.swift */ = {isa = PBXFileReference; fileEncoding = 4; lastKnownFileType = sourcecode.swift; path = StackTests.swift; sourceTree = "<group>"; };
		FA97A4981984363B007A2D41 /* RandomTests.swift */ = {isa = PBXFileReference; fileEncoding = 4; lastKnownFileType = sourcecode.swift; path = RandomTests.swift; sourceTree = "<group>"; };
		FAAD79C91983A6AE0069316C /* SumTests.swift */ = {isa = PBXFileReference; fileEncoding = 4; lastKnownFileType = sourcecode.swift; path = SumTests.swift; sourceTree = "<group>"; };
		FAB2FED519838FA00032415C /* Algorithm.swift */ = {isa = PBXFileReference; fileEncoding = 4; lastKnownFileType = sourcecode.swift; path = Algorithm.swift; sourceTree = "<group>"; };
/* End PBXFileReference section */

/* Begin PBXFrameworksBuildPhase section */
		FA49827A197D83B90015D9E2 /* Frameworks */ = {
			isa = PBXFrameworksBuildPhase;
			buildActionMask = 2147483647;
			files = (
			);
			runOnlyForDeploymentPostprocessing = 0;
		};
		FA49828F197D83B90015D9E2 /* Frameworks */ = {
			isa = PBXFrameworksBuildPhase;
			buildActionMask = 2147483647;
			files = (
			);
			runOnlyForDeploymentPostprocessing = 0;
		};
/* End PBXFrameworksBuildPhase section */

/* Begin PBXGroup section */
		FA498274197D83B90015D9E2 = {
			isa = PBXGroup;
			children = (
				FA49827F197D83B90015D9E2 /* swift-app */,
				FA498295197D83B90015D9E2 /* swift-appTests */,
				FA49827E197D83B90015D9E2 /* Products */,
			);
			sourceTree = "<group>";
		};
		FA49827E197D83B90015D9E2 /* Products */ = {
			isa = PBXGroup;
			children = (
				FA49827D197D83B90015D9E2 /* swift-app.app */,
				FA498292197D83B90015D9E2 /* swift-appTests.xctest */,
			);
			name = Products;
			sourceTree = "<group>";
		};
		FA49827F197D83B90015D9E2 /* swift-app */ = {
			isa = PBXGroup;
			children = (
				FA498282197D83B90015D9E2 /* AppDelegate.swift */,
				FA651B171983F4560043814D /* Stack.swift */,
				FAB2FED519838FA00032415C /* Algorithm.swift */,
				FA651B191983F78A0043814D /* Random.swift */,
				FA651B1C1984040A0043814D /* TableViewController.swift */,
				FA498289197D83B90015D9E2 /* Main.storyboard */,
				FA49828C197D83B90015D9E2 /* Images.xcassets */,
				FA498284197D83B90015D9E2 /* swift_app.xcdatamodeld */,
				FA92C19019838DC500FBD59F /* swift_app.playground */,
				FA498280197D83B90015D9E2 /* Supporting Files */,
			);
			path = "swift-app";
			sourceTree = "<group>";
		};
		FA498280197D83B90015D9E2 /* Supporting Files */ = {
			isa = PBXGroup;
			children = (
				FA498281197D83B90015D9E2 /* Info.plist */,
			);
			name = "Supporting Files";
			sourceTree = "<group>";
		};
		FA498295197D83B90015D9E2 /* swift-appTests */ = {
			isa = PBXGroup;
			children = (
				FAAD79C91983A6AE0069316C /* SumTests.swift */,
				FA498298197D83B90015D9E2 /* FibonacciTests.swift */,
				FA97A495198431BF007A2D41 /* StackTests.swift */,
				FA97A4981984363B007A2D41 /* RandomTests.swift */,
				FA498296197D83B90015D9E2 /* Supporting Files */,
			);
			path = "swift-appTests";
			sourceTree = "<group>";
		};
		FA498296197D83B90015D9E2 /* Supporting Files */ = {
			isa = PBXGroup;
			children = (
				FA498297197D83B90015D9E2 /* Info.plist */,
			);
			name = "Supporting Files";
			sourceTree = "<group>";
		};
/* End PBXGroup section */

/* Begin PBXNativeTarget section */
		FA49827C197D83B90015D9E2 /* swift-app */ = {
			isa = PBXNativeTarget;
			buildConfigurationList = FA49829C197D83B90015D9E2 /* Build configuration list for PBXNativeTarget "swift-app" */;
			buildPhases = (
				FA498279197D83B90015D9E2 /* Sources */,
				FA49827A197D83B90015D9E2 /* Frameworks */,
				FA49827B197D83B90015D9E2 /* Resources */,
			);
			buildRules = (
			);
			dependencies = (
			);
			name = "swift-app";
			productName = "swift-app";
			productReference = FA49827D197D83B90015D9E2 /* swift-app.app */;
			productType = "com.apple.product-type.application";
		};
		FA498291197D83B90015D9E2 /* swift-appTests */ = {
			isa = PBXNativeTarget;
			buildConfigurationList = FA49829F197D83B90015D9E2 /* Build configuration list for PBXNativeTarget "swift-appTests" */;
			buildPhases = (
				FA49828E197D83B90015D9E2 /* Sources */,
				FA49828F197D83B90015D9E2 /* Frameworks */,
				FA498290197D83B90015D9E2 /* Resources */,
			);
			buildRules = (
			);
			dependencies = (
				FA498294197D83B90015D9E2 /* PBXTargetDependency */,
			);
			name = "swift-appTests";
			productName = "swift-appTests";
			productReference = FA498292197D83B90015D9E2 /* swift-appTests.xctest */;
			productType = "com.apple.product-type.bundle.unit-test";
		};
/* End PBXNativeTarget section */

/* Begin PBXProject section */
		FA498275197D83B90015D9E2 /* Project object */ = {
			isa = PBXProject;
			attributes = {
				LastUpgradeCheck = 0600;
				ORGANIZATIONNAME = "iOS NSAgora";
				TargetAttributes = {
					FA49827C197D83B90015D9E2 = {
						CreatedOnToolsVersion = 6.0;
					};
					FA498291197D83B90015D9E2 = {
						CreatedOnToolsVersion = 6.0;
						TestTargetID = FA49827C197D83B90015D9E2;
					};
				};
			};
			buildConfigurationList = FA498278197D83B90015D9E2 /* Build configuration list for PBXProject "swift-app" */;
			compatibilityVersion = "Xcode 3.2";
			developmentRegion = English;
			hasScannedForEncodings = 0;
			knownRegions = (
				en,
				Base,
			);
			mainGroup = FA498274197D83B90015D9E2;
			productRefGroup = FA49827E197D83B90015D9E2 /* Products */;
			projectDirPath = "";
			projectRoot = "";
			targets = (
				FA49827C197D83B90015D9E2 /* swift-app */,
				FA498291197D83B90015D9E2 /* swift-appTests */,
			);
		};
/* End PBXProject section */

/* Begin PBXResourcesBuildPhase section */
		FA49827B197D83B90015D9E2 /* Resources */ = {
			isa = PBXResourcesBuildPhase;
			buildActionMask = 2147483647;
			files = (
				FA49828B197D83B90015D9E2 /* Main.storyboard in Resources */,
				FA49828D197D83B90015D9E2 /* Images.xcassets in Resources */,
			);
			runOnlyForDeploymentPostprocessing = 0;
		};
		FA498290197D83B90015D9E2 /* Resources */ = {
			isa = PBXResourcesBuildPhase;
			buildActionMask = 2147483647;
			files = (
			);
			runOnlyForDeploymentPostprocessing = 0;
		};
/* End PBXResourcesBuildPhase section */

/* Begin PBXSourcesBuildPhase section */
		FA498279197D83B90015D9E2 /* Sources */ = {
			isa = PBXSourcesBuildPhase;
			buildActionMask = 2147483647;
			files = (
				FA651B181983F4560043814D /* Stack.swift in Sources */,
				FA651B1D1984040A0043814D /* TableViewController.swift in Sources */,
				FAB2FED619838FA00032415C /* Algorithm.swift in Sources */,
				FA651B1A1983F78A0043814D /* Random.swift in Sources */,
				FA498283197D83B90015D9E2 /* AppDelegate.swift in Sources */,
				FA498286197D83B90015D9E2 /* swift_app.xcdatamodeld in Sources */,
			);
			runOnlyForDeploymentPostprocessing = 0;
		};
		FA49828E197D83B90015D9E2 /* Sources */ = {
			isa = PBXSourcesBuildPhase;
			buildActionMask = 2147483647;
			files = (
				FA97A496198431BF007A2D41 /* StackTests.swift in Sources */,
				FA97A4991984363B007A2D41 /* RandomTests.swift in Sources */,
				FA651B1B198402830043814D /* Random.swift in Sources */,
				FAAD79CA1983A6AE0069316C /* SumTests.swift in Sources */,
				FA498299197D83B90015D9E2 /* FibonacciTests.swift in Sources */,
				FA97A497198431FD007A2D41 /* Stack.swift in Sources */,
				FAB2FED719838FA00032415C /* Algorithm.swift in Sources */,
			);
			runOnlyForDeploymentPostprocessing = 0;
		};
/* End PBXSourcesBuildPhase section */

/* Begin PBXTargetDependency section */
		FA498294197D83B90015D9E2 /* PBXTargetDependency */ = {
			isa = PBXTargetDependency;
			target = FA49827C197D83B90015D9E2 /* swift-app */;
			targetProxy = FA498293197D83B90015D9E2 /* PBXContainerItemProxy */;
		};
/* End PBXTargetDependency section */

/* Begin PBXVariantGroup section */
		FA498289197D83B90015D9E2 /* Main.storyboard */ = {
			isa = PBXVariantGroup;
			children = (
				FA49828A197D83B90015D9E2 /* Base */,
			);
			name = Main.storyboard;
			sourceTree = "<group>";
		};
/* End PBXVariantGroup section */

/* Begin XCBuildConfiguration section */
		FA49829A197D83B90015D9E2 /* Debug */ = {
			isa = XCBuildConfiguration;
			buildSettings = {
				ALWAYS_SEARCH_USER_PATHS = NO;
				CLANG_CXX_LANGUAGE_STANDARD = "gnu++0x";
				CLANG_CXX_LIBRARY = "libc++";
				CLANG_ENABLE_MODULES = YES;
				CLANG_ENABLE_OBJC_ARC = YES;
				CLANG_WARN_BOOL_CONVERSION = YES;
				CLANG_WARN_CONSTANT_CONVERSION = YES;
				CLANG_WARN_DIRECT_OBJC_ISA_USAGE = YES_ERROR;
				CLANG_WARN_EMPTY_BODY = YES;
				CLANG_WARN_ENUM_CONVERSION = YES;
				CLANG_WARN_INT_CONVERSION = YES;
				CLANG_WARN_OBJC_ROOT_CLASS = YES_ERROR;
				CLANG_WARN_UNREACHABLE_CODE = YES;
				CLANG_WARN__DUPLICATE_METHOD_MATCH = YES;
				"CODE_SIGN_IDENTITY[sdk=iphoneos*]" = "iPhone Developer";
				COPY_PHASE_STRIP = NO;
				ENABLE_STRICT_OBJC_MSGSEND = YES;
				GCC_C_LANGUAGE_STANDARD = gnu99;
				GCC_DYNAMIC_NO_PIC = NO;
				GCC_OPTIMIZATION_LEVEL = 0;
				GCC_PREPROCESSOR_DEFINITIONS = (
					"DEBUG=1",
					"$(inherited)",
				);
				GCC_SYMBOLS_PRIVATE_EXTERN = NO;
				GCC_WARN_64_TO_32_BIT_CONVERSION = YES;
				GCC_WARN_ABOUT_RETURN_TYPE = YES_ERROR;
				GCC_WARN_UNDECLARED_SELECTOR = YES;
				GCC_WARN_UNINITIALIZED_AUTOS = YES_AGGRESSIVE;
				GCC_WARN_UNUSED_FUNCTION = YES;
				GCC_WARN_UNUSED_VARIABLE = YES;
				IPHONEOS_DEPLOYMENT_TARGET = 8.0;
				MTL_ENABLE_DEBUG_INFO = YES;
				ONLY_ACTIVE_ARCH = YES;
				SDKROOT = iphoneos;
				SWIFT_OPTIMIZATION_LEVEL = "-Onone";
			};
			name = Debug;
		};
		FA49829B197D83B90015D9E2 /* Release */ = {
			isa = XCBuildConfiguration;
			buildSettings = {
				ALWAYS_SEARCH_USER_PATHS = NO;
				CLANG_CXX_LANGUAGE_STANDARD = "gnu++0x";
				CLANG_CXX_LIBRARY = "libc++";
				CLANG_ENABLE_MODULES = YES;
				CLANG_ENABLE_OBJC_ARC = YES;
				CLANG_WARN_BOOL_CONVERSION = YES;
				CLANG_WARN_CONSTANT_CONVERSION = YES;
				CLANG_WARN_DIRECT_OBJC_ISA_USAGE = YES_ERROR;
				CLANG_WARN_EMPTY_BODY = YES;
				CLANG_WARN_ENUM_CONVERSION = YES;
				CLANG_WARN_INT_CONVERSION = YES;
				CLANG_WARN_OBJC_ROOT_CLASS = YES_ERROR;
				CLANG_WARN_UNREACHABLE_CODE = YES;
				CLANG_WARN__DUPLICATE_METHOD_MATCH = YES;
				"CODE_SIGN_IDENTITY[sdk=iphoneos*]" = "iPhone Developer";
				COPY_PHASE_STRIP = YES;
				ENABLE_NS_ASSERTIONS = NO;
				ENABLE_STRICT_OBJC_MSGSEND = YES;
				GCC_C_LANGUAGE_STANDARD = gnu99;
				GCC_WARN_64_TO_32_BIT_CONVERSION = YES;
				GCC_WARN_ABOUT_RETURN_TYPE = YES_ERROR;
				GCC_WARN_UNDECLARED_SELECTOR = YES;
				GCC_WARN_UNINITIALIZED_AUTOS = YES_AGGRESSIVE;
				GCC_WARN_UNUSED_FUNCTION = YES;
				GCC_WARN_UNUSED_VARIABLE = YES;
				IPHONEOS_DEPLOYMENT_TARGET = 8.0;
				MTL_ENABLE_DEBUG_INFO = NO;
				SDKROOT = iphoneos;
				VALIDATE_PRODUCT = YES;
			};
			name = Release;
		};
		FA49829D197D83B90015D9E2 /* Debug */ = {
			isa = XCBuildConfiguration;
			buildSettings = {
				ASSETCATALOG_COMPILER_APPICON_NAME = AppIcon;
				ASSETCATALOG_COMPILER_LAUNCHIMAGE_NAME = LaunchImage;
				INFOPLIST_FILE = "swift-app/Info.plist";
				LD_RUNPATH_SEARCH_PATHS = "$(inherited) @executable_path/Frameworks";
				PRODUCT_NAME = "$(TARGET_NAME)";
			};
			name = Debug;
		};
		FA49829E197D83B90015D9E2 /* Release */ = {
			isa = XCBuildConfiguration;
			buildSettings = {
				ASSETCATALOG_COMPILER_APPICON_NAME = AppIcon;
				ASSETCATALOG_COMPILER_LAUNCHIMAGE_NAME = LaunchImage;
				INFOPLIST_FILE = "swift-app/Info.plist";
				LD_RUNPATH_SEARCH_PATHS = "$(inherited) @executable_path/Frameworks";
				PRODUCT_NAME = "$(TARGET_NAME)";
			};
			name = Release;
		};
		FA4982A0197D83B90015D9E2 /* Debug */ = {
			isa = XCBuildConfiguration;
			buildSettings = {
				BUNDLE_LOADER = "$(BUILT_PRODUCTS_DIR)/swift-app.app/swift-app";
				FRAMEWORK_SEARCH_PATHS = (
					"$(SDKROOT)/Developer/Library/Frameworks",
					"$(inherited)",
				);
				GCC_PREPROCESSOR_DEFINITIONS = (
					"DEBUG=1",
					"$(inherited)",
				);
				INFOPLIST_FILE = "swift-appTests/Info.plist";
				LD_RUNPATH_SEARCH_PATHS = "$(inherited) @executable_path/Frameworks @loader_path/Frameworks";
				PRODUCT_NAME = "$(TARGET_NAME)";
				TEST_HOST = "$(BUNDLE_LOADER)";
			};
			name = Debug;
		};
		FA4982A1197D83B90015D9E2 /* Release */ = {
			isa = XCBuildConfiguration;
			buildSettings = {
				BUNDLE_LOADER = "$(BUILT_PRODUCTS_DIR)/swift-app.app/swift-app";
				FRAMEWORK_SEARCH_PATHS = (
					"$(SDKROOT)/Developer/Library/Frameworks",
					"$(inherited)",
				);
				INFOPLIST_FILE = "swift-appTests/Info.plist";
				LD_RUNPATH_SEARCH_PATHS = "$(inherited) @executable_path/Frameworks @loader_path/Frameworks";
				PRODUCT_NAME = "$(TARGET_NAME)";
				TEST_HOST = "$(BUNDLE_LOADER)";
			};
			name = Release;
		};
/* End XCBuildConfiguration section */

/* Begin XCConfigurationList section */
		FA498278197D83B90015D9E2 /* Build configuration list for PBXProject "swift-app" */ = {
			isa = XCConfigurationList;
			buildConfigurations = (
				FA49829A197D83B90015D9E2 /* Debug */,
				FA49829B197D83B90015D9E2 /* Release */,
			);
			defaultConfigurationIsVisible = 0;
			defaultConfigurationName = Release;
		};
		FA49829C197D83B90015D9E2 /* Build configuration list for PBXNativeTarget "swift-app" */ = {
			isa = XCConfigurationList;
			buildConfigurations = (
				FA49829D197D83B90015D9E2 /* Debug */,
				FA49829E197D83B90015D9E2 /* Release */,
			);
			defaultConfigurationIsVisible = 0;
			defaultConfigurationName = Release;
		};
		FA49829F197D83B90015D9E2 /* Build configuration list for PBXNativeTarget "swift-appTests" */ = {
			isa = XCConfigurationList;
			buildConfigurations = (
				FA4982A0197D83B90015D9E2 /* Debug */,
				FA4982A1197D83B90015D9E2 /* Release */,
			);
			defaultConfigurationIsVisible = 0;
			defaultConfigurationName = Release;
		};
/* End XCConfigurationList section */

/* Begin XCVersionGroup section */
		FA498284197D83B90015D9E2 /* swift_app.xcdatamodeld */ = {
			isa = XCVersionGroup;
			children = (
				FA498285197D83B90015D9E2 /* swift_app.xcdatamodel */,
			);
			currentVersion = FA498285197D83B90015D9E2 /* swift_app.xcdatamodel */;
			path = swift_app.xcdatamodeld;
			sourceTree = "<group>";
			versionGroupType = wrapper.xcdatamodel;
		};
/* End XCVersionGroup section */
	};
	rootObject = FA498275197D83B90015D9E2 /* Project object */;
}
